
Microsoft Visual Studio Solution File, Format Version 12.00
# Visual Studio Version 17
VisualStudioVersion = 17.7.34031.279
MinimumVisualStudioVersion = 10.0.40219.1
Project("{FAE04EC0-301F-11D3-BF4B-00C04F79EFBC}") = "AdvancedTopics", "AdvancedTopics\AdvancedTopics.csproj", "{411D0D07-6084-4384-ACA4-8A5489BB578E}"
EndProject
Global
	GlobalSection(SolutionConfigurationPlatforms) = preSolution
		Debug|Any CPU = Debug|Any CPU
		Release|Any CPU = Release|Any CPU
	EndGlobalSection
	GlobalSection(ProjectConfigurationPlatforms) = postSolution
		{411D0D07-6084-4384-ACA4-8A5489BB578E}.Debug|Any CPU.ActiveCfg = Debug|Any CPU
		{411D0D07-6084-4384-ACA4-8A5489BB578E}.Debug|Any CPU.Build.0 = Debug|Any CPU
		{411D0D07-6084-4384-ACA4-8A5489BB578E}.Release|Any CPU.ActiveCfg = Release|Any CPU
		{411D0D07-6084-4384-ACA4-8A5489BB578E}.Release|Any CPU.Build.0 = Release|Any CPU
	EndGlobalSection
	GlobalSection(SolutionProperties) = preSolution
		HideSolutionNode = FALSE
	EndGlobalSection
	GlobalSection(ExtensibilityGlobals) = postSolution
		SolutionGuid = {69F3E151-ACBD-4B5D-AD13-0EBC12156757}
	EndGlobalSection
EndGlobal
